{
  "name": "my-stencil",
  "version": "0.0.1",
  "lockfileVersion": 1,
  "requires": true,
  "dependencies": {
    "@ionic/core": {
      "version": "5.4.1",
      "resolved": "https://artifactory.ing.net:443/artifactory/api/npm/releases_npm_all/@ionic/core/-/core-5.4.1.tgz",
      "integrity": "sha1-yePgGTyyiZeIvQGk3LUSFVLw3Lo=",
      "dev": true,
      "requires": {
        "ionicons": "^5.1.2",
        "tslib": "^1.10.0"
      }
    },
    "@stencil/core": {
      "version": "2.2.0",
      "resolved": "https://artifactory.ing.net:443/artifactory/api/npm/releases_npm_all/@stencil/core/-/core-2.2.0.tgz",
      "integrity": "sha1-+StICjh7zmiKNosvsjIH8azUW8I=",
      "dev": true
    },
    "ionicons": {
      "version": "5.2.3",
      "resolved": "https://artifactory.ing.net:443/artifactory/api/npm/releases_npm_all/ionicons/-/ionicons-5.2.3.tgz",
      "integrity": "sha1-r0AY6nWFsemuEXV3Mcd/Lzbgx6w=",
      "dev": true
    },
    "tslib": {
      "version": "1.14.1",
      "resolved": "https://artifactory.ing.net:443/artifactory/api/npm/releases_npm_all/tslib/-/tslib-1.14.1.tgz",
      "integrity": "sha1-zy04vcNKE0vK8QkcQfZhni9nLQA=",
      "dev": true
    }
  }
}
